# THIS IS AN AUTOGENERATED FILE. DO NOT EDIT THIS FILE DIRECTLY.
# yarn lockfile v1


asn1@~0.2.0:
  version "0.2.4"
  resolved "https://registry.yarnpkg.com/asn1/-/asn1-0.2.4.tgz#8d2475dfab553bb33e77b54e59e880bb8ce23136"
  integrity sha512-jxwzQpLQjSmWXgwaCZE9Nz+glAG01yF1QnWgbhGwHI5A6FRIEY6IVqtHhIepHqI7/kyEyQEagBC5mBEFlIYvdg==
  dependencies:
    safer-buffer "~2.1.0"

safer-buffer@~2.1.0:
  version "2.1.2"
  resolved "https://registry.yarnpkg.com/safer-buffer/-/safer-buffer-2.1.2.tgz#44fa161b0187b9549dd84bb91802f9bd8385cd6a"
  integrity sha512-YZo3K82SD7Riyi0E1EQPojLz7kpepnSQI9IyPbHHg1XXXevb5dJI7tpyN2ADxGcQbHG7vcyRHk0cbwqcQriUtg==

semver@^5.1.0:
  version "5.6.0"
  resolved "https://registry.yarnpkg.com/semver/-/semver-5.6.0.tgz#7e74256fbaa49c75aa7c7a205cc22799cac80004"
  integrity sha512-RS9R6R35NYgQn++fkDWaOmqGoj4Ek9gGs+DPxNUZKuwE183xjJroKvyo1IzVFeXvUrvmALy6FWD5xrdJT25gMg==

simple-ssh@^1.0.0:
  version "1.0.0"
  resolved "https://registry.yarnpkg.com/simple-ssh/-/simple-ssh-1.0.0.tgz#b12ec600056c13626cc9a77a50b6b921db39696b"
  integrity sha512-k0q/6oiY9HQLbPBDZMDLhbU9Em8EDdIEec08TwosijKhFQYK403nyO7Y+iX1AOOn60XVo688jby6NuV720vIUQ==
  dependencies:
    ssh2 "^0.5.0"
    xtend "^4.0.1"

ssh2-streams@~0.1.18:
  version "0.1.20"
  resolved "https://registry.yarnpkg.com/ssh2-streams/-/ssh2-streams-0.1.20.tgz#51118d154555df5469ee1f67e0cf1e7e8a2c0e3a"
  integrity sha1-URGNFUVV31Rp7h9n4M8efoosDjo=
  dependencies:
    asn1 "~0.2.0"
    semver "^5.1.0"
    streamsearch "~0.1.2"

ssh2@^0.5.0:
  version "0.5.5"
  resolved "https://registry.yarnpkg.com/ssh2/-/ssh2-0.5.5.tgz#c7781ecd2ece7304a253cf620fab5a5c22bb2235"
  integrity sha1-x3gezS7OcwSiU89iD6taXCK7IjU=
  dependencies:
    ssh2-streams "~0.1.18"

streamsearch@~0.1.2:
  version "0.1.2"
  resolved "https://registry.yarnpkg.com/streamsearch/-/streamsearch-0.1.2.tgz#808b9d0e56fc273d809ba57338e929919a1a9f1a"
  integrity sha1-gIudDlb8Jz2Am6VzOOkpkZoanxo=

xtend@^4.0.1:
  version "4.0.1"
  resolved "https://registry.yarnpkg.com/xtend/-/xtend-4.0.1.tgz#a5c6d532be656e23db820efb943a1f04998d63af"
  integrity sha1-pcbVMr5lbiPbgg77lDofBJmNY68=
